
Microsoft Visual Studio Solution File, Format Version 12.00
# Visual Studio Version 16
VisualStudioVersion = 16.0.29609.76
MinimumVisualStudioVersion = 10.0.40219.1
Project("{FAE04EC0-301F-11D3-BF4B-00C04F79EFBC}") = "Class11.Disposing", "Class11.Disposing\Class11.Disposing.csproj", "{7E3E3929-27ED-4898-83F8-EE791B59D88E}"
EndProject
Project("{FAE04EC0-301F-11D3-BF4B-00C04F79EFBC}") = "Class11.NullableValues", "Class11.NullableValues\Class11.NullableValues.csproj", "{AE4FA0C3-DE3C-4E32-A214-7B0E68104E62}"
EndProject
Project("{FAE04EC0-301F-11D3-BF4B-00C04F79EFBC}") = "Class11.OptionalNamedParam", "Class11.OptionalNamedParam\Class11.OptionalNamedParam.csproj", "{8DD09F8E-B9FD-4323-B8FF-3FCFF330BB7A}"
EndProject
Project("{FAE04EC0-301F-11D3-BF4B-00C04F79EFBC}") = "ValueReferenceTypes", "ValueReferenceTypes\ValueReferenceTypes.csproj", "{1A201C82-9AD4-4626-AB28-0EC82F173D3B}"
EndProject
Global
	GlobalSection(SolutionConfigurationPlatforms) = preSolution
		Debug|Any CPU = Debug|Any CPU
		Release|Any CPU = Release|Any CPU
	EndGlobalSection
	GlobalSection(ProjectConfigurationPlatforms) = postSolution
		{7E3E3929-27ED-4898-83F8-EE791B59D88E}.Debug|Any CPU.ActiveCfg = Debug|Any CPU
		{7E3E3929-27ED-4898-83F8-EE791B59D88E}.Debug|Any CPU.Build.0 = Debug|Any CPU
		{7E3E3929-27ED-4898-83F8-EE791B59D88E}.Release|Any CPU.ActiveCfg = Release|Any CPU
		{7E3E3929-27ED-4898-83F8-EE791B59D88E}.Release|Any CPU.Build.0 = Release|Any CPU
		{AE4FA0C3-DE3C-4E32-A214-7B0E68104E62}.Debug|Any CPU.ActiveCfg = Debug|Any CPU
		{AE4FA0C3-DE3C-4E32-A214-7B0E68104E62}.Debug|Any CPU.Build.0 = Debug|Any CPU
		{AE4FA0C3-DE3C-4E32-A214-7B0E68104E62}.Release|Any CPU.ActiveCfg = Release|Any CPU
		{AE4FA0C3-DE3C-4E32-A214-7B0E68104E62}.Release|Any CPU.Build.0 = Release|Any CPU
		{8DD09F8E-B9FD-4323-B8FF-3FCFF330BB7A}.Debug|Any CPU.ActiveCfg = Debug|Any CPU
		{8DD09F8E-B9FD-4323-B8FF-3FCFF330BB7A}.Debug|Any CPU.Build.0 = Debug|Any CPU
		{8DD09F8E-B9FD-4323-B8FF-3FCFF330BB7A}.Release|Any CPU.ActiveCfg = Release|Any CPU
		{8DD09F8E-B9FD-4323-B8FF-3FCFF330BB7A}.Release|Any CPU.Build.0 = Release|Any CPU
		{1A201C82-9AD4-4626-AB28-0EC82F173D3B}.Debug|Any CPU.ActiveCfg = Debug|Any CPU
		{1A201C82-9AD4-4626-AB28-0EC82F173D3B}.Debug|Any CPU.Build.0 = Debug|Any CPU
		{1A201C82-9AD4-4626-AB28-0EC82F173D3B}.Release|Any CPU.ActiveCfg = Release|Any CPU
		{1A201C82-9AD4-4626-AB28-0EC82F173D3B}.Release|Any CPU.Build.0 = Release|Any CPU
	EndGlobalSection
	GlobalSection(SolutionProperties) = preSolution
		HideSolutionNode = FALSE
	EndGlobalSection
	GlobalSection(ExtensibilityGlobals) = postSolution
		SolutionGuid = {74AEFAD3-4A8D-47A7-B255-1584589EE26E}
	EndGlobalSection
EndGlobal
