
Microsoft Visual Studio Solution File, Format Version 12.00
# Visual Studio Version 16
VisualStudioVersion = 16.0.30204.135
MinimumVisualStudioVersion = 10.0.40219.1
Project("{9A19103F-16F7-4668-BE54-9A1E7A4F7556}") = "EvenMoreLinq", "EvenMoreLinq\EvenMoreLinq.csproj", "{50480219-8ABC-471A-92FC-FE4263A35BFB}"
EndProject
Project("{9A19103F-16F7-4668-BE54-9A1E7A4F7556}") = "Delegates", "Delegates\Delegates.csproj", "{B0C010C5-85AC-4C08-84CB-1EF5FE818115}"
EndProject
Project("{9A19103F-16F7-4668-BE54-9A1E7A4F7556}") = "HelloWinForms", "HelloWinForms\HelloWinForms.csproj", "{30FF64D4-BBBC-4506-86D7-77983D776B7C}"
EndProject
Project("{9A19103F-16F7-4668-BE54-9A1E7A4F7556}") = "PubSubModel", "PubSubModel\PubSubModel.csproj", "{E0F05296-4EB7-4691-882C-14453C2B154B}"
EndProject
Project("{FAE04EC0-301F-11D3-BF4B-00C04F79EFBC}") = "Boxing", "Boxing\Boxing.csproj", "{8D41DA46-A299-4D72-AEB2-66A70FA39CCB}"
EndProject
Global
	GlobalSection(SolutionConfigurationPlatforms) = preSolution
		Debug|Any CPU = Debug|Any CPU
		Release|Any CPU = Release|Any CPU
	EndGlobalSection
	GlobalSection(ProjectConfigurationPlatforms) = postSolution
		{50480219-8ABC-471A-92FC-FE4263A35BFB}.Debug|Any CPU.ActiveCfg = Debug|Any CPU
		{50480219-8ABC-471A-92FC-FE4263A35BFB}.Debug|Any CPU.Build.0 = Debug|Any CPU
		{50480219-8ABC-471A-92FC-FE4263A35BFB}.Release|Any CPU.ActiveCfg = Release|Any CPU
		{50480219-8ABC-471A-92FC-FE4263A35BFB}.Release|Any CPU.Build.0 = Release|Any CPU
		{B0C010C5-85AC-4C08-84CB-1EF5FE818115}.Debug|Any CPU.ActiveCfg = Debug|Any CPU
		{B0C010C5-85AC-4C08-84CB-1EF5FE818115}.Debug|Any CPU.Build.0 = Debug|Any CPU
		{B0C010C5-85AC-4C08-84CB-1EF5FE818115}.Release|Any CPU.ActiveCfg = Release|Any CPU
		{B0C010C5-85AC-4C08-84CB-1EF5FE818115}.Release|Any CPU.Build.0 = Release|Any CPU
		{30FF64D4-BBBC-4506-86D7-77983D776B7C}.Debug|Any CPU.ActiveCfg = Debug|Any CPU
		{30FF64D4-BBBC-4506-86D7-77983D776B7C}.Debug|Any CPU.Build.0 = Debug|Any CPU
		{30FF64D4-BBBC-4506-86D7-77983D776B7C}.Release|Any CPU.ActiveCfg = Release|Any CPU
		{30FF64D4-BBBC-4506-86D7-77983D776B7C}.Release|Any CPU.Build.0 = Release|Any CPU
		{E0F05296-4EB7-4691-882C-14453C2B154B}.Debug|Any CPU.ActiveCfg = Debug|Any CPU
		{E0F05296-4EB7-4691-882C-14453C2B154B}.Debug|Any CPU.Build.0 = Debug|Any CPU
		{E0F05296-4EB7-4691-882C-14453C2B154B}.Release|Any CPU.ActiveCfg = Release|Any CPU
		{E0F05296-4EB7-4691-882C-14453C2B154B}.Release|Any CPU.Build.0 = Release|Any CPU
		{8D41DA46-A299-4D72-AEB2-66A70FA39CCB}.Debug|Any CPU.ActiveCfg = Debug|Any CPU
		{8D41DA46-A299-4D72-AEB2-66A70FA39CCB}.Debug|Any CPU.Build.0 = Debug|Any CPU
		{8D41DA46-A299-4D72-AEB2-66A70FA39CCB}.Release|Any CPU.ActiveCfg = Release|Any CPU
		{8D41DA46-A299-4D72-AEB2-66A70FA39CCB}.Release|Any CPU.Build.0 = Release|Any CPU
	EndGlobalSection
	GlobalSection(SolutionProperties) = preSolution
		HideSolutionNode = FALSE
	EndGlobalSection
	GlobalSection(ExtensibilityGlobals) = postSolution
		SolutionGuid = {7A3C2D87-A0FB-41DB-A250-74DCB88AD69B}
	EndGlobalSection
EndGlobal
