
Microsoft Visual Studio Solution File, Format Version 12.00
# Visual Studio 15
VisualStudioVersion = 15.0.28307.1145
MinimumVisualStudioVersion = 10.0.40219.1
Project("{9A19103F-16F7-4668-BE54-9A1E7A4F7556}") = "SEDC.Adv.01.AbstractClasses", "SEDC.Adv.01.AbstractClasses\SEDC.Adv.01.AbstractClasses.csproj", "{A2ACE657-5EAA-4D5A-9E26-3C4FEA420371}"
EndProject
Project("{FAE04EC0-301F-11D3-BF4B-00C04F79EFBC}") = "SEDC.Adv.01.Exercise", "SEDC.Adv.01.Exercise\SEDC.Adv.01.Exercise.csproj", "{1570A76D-6731-483E-B3D9-69F2A6657A8D}"
EndProject
Global
	GlobalSection(SolutionConfigurationPlatforms) = preSolution
		Debug|Any CPU = Debug|Any CPU
		Release|Any CPU = Release|Any CPU
	EndGlobalSection
	GlobalSection(ProjectConfigurationPlatforms) = postSolution
		{A2ACE657-5EAA-4D5A-9E26-3C4FEA420371}.Debug|Any CPU.ActiveCfg = Debug|Any CPU
		{A2ACE657-5EAA-4D5A-9E26-3C4FEA420371}.Debug|Any CPU.Build.0 = Debug|Any CPU
		{A2ACE657-5EAA-4D5A-9E26-3C4FEA420371}.Release|Any CPU.ActiveCfg = Release|Any CPU
		{A2ACE657-5EAA-4D5A-9E26-3C4FEA420371}.Release|Any CPU.Build.0 = Release|Any CPU
		{1570A76D-6731-483E-B3D9-69F2A6657A8D}.Debug|Any CPU.ActiveCfg = Debug|Any CPU
		{1570A76D-6731-483E-B3D9-69F2A6657A8D}.Debug|Any CPU.Build.0 = Debug|Any CPU
		{1570A76D-6731-483E-B3D9-69F2A6657A8D}.Release|Any CPU.ActiveCfg = Release|Any CPU
		{1570A76D-6731-483E-B3D9-69F2A6657A8D}.Release|Any CPU.Build.0 = Release|Any CPU
	EndGlobalSection
	GlobalSection(SolutionProperties) = preSolution
		HideSolutionNode = FALSE
	EndGlobalSection
	GlobalSection(ExtensibilityGlobals) = postSolution
		SolutionGuid = {5CB1A290-EEA2-43EF-AAFE-2898B0B7E662}
	EndGlobalSection
EndGlobal
