
Microsoft Visual Studio Solution File, Format Version 12.00
# Visual Studio Version 16
VisualStudioVersion = 16.0.29806.167
MinimumVisualStudioVersion = 10.0.40219.1
Project("{9A19103F-16F7-4668-BE54-9A1E7A4F7556}") = "Adv.Class02.Polymorphism", "Adv.Class02.Polymorphism\Adv.Class02.Polymorphism.csproj", "{4CAE1B0F-A352-4096-884A-31158BD2EBB5}"
EndProject
Project("{9A19103F-16F7-4668-BE54-9A1E7A4F7556}") = "Adv.Class02.StaticPartial", "Adv.Class02.StaticPartial\Adv.Class02.StaticPartial.csproj", "{84832295-DC7E-4068-9531-0D734B853126}"
EndProject
Project("{FAE04EC0-301F-11D3-BF4B-00C04F79EFBC}") = "Adv.Class02.Static", "Adv.Class02.Static\Adv.Class02.Static.csproj", "{871CB07B-55E9-41D1-BD3A-3F381DC6B4CB}"
EndProject
Global
	GlobalSection(SolutionConfigurationPlatforms) = preSolution
		Debug|Any CPU = Debug|Any CPU
		Release|Any CPU = Release|Any CPU
	EndGlobalSection
	GlobalSection(ProjectConfigurationPlatforms) = postSolution
		{4CAE1B0F-A352-4096-884A-31158BD2EBB5}.Debug|Any CPU.ActiveCfg = Debug|Any CPU
		{4CAE1B0F-A352-4096-884A-31158BD2EBB5}.Debug|Any CPU.Build.0 = Debug|Any CPU
		{4CAE1B0F-A352-4096-884A-31158BD2EBB5}.Release|Any CPU.ActiveCfg = Release|Any CPU
		{4CAE1B0F-A352-4096-884A-31158BD2EBB5}.Release|Any CPU.Build.0 = Release|Any CPU
		{84832295-DC7E-4068-9531-0D734B853126}.Debug|Any CPU.ActiveCfg = Debug|Any CPU
		{84832295-DC7E-4068-9531-0D734B853126}.Debug|Any CPU.Build.0 = Debug|Any CPU
		{84832295-DC7E-4068-9531-0D734B853126}.Release|Any CPU.ActiveCfg = Release|Any CPU
		{84832295-DC7E-4068-9531-0D734B853126}.Release|Any CPU.Build.0 = Release|Any CPU
		{871CB07B-55E9-41D1-BD3A-3F381DC6B4CB}.Debug|Any CPU.ActiveCfg = Debug|Any CPU
		{871CB07B-55E9-41D1-BD3A-3F381DC6B4CB}.Debug|Any CPU.Build.0 = Debug|Any CPU
		{871CB07B-55E9-41D1-BD3A-3F381DC6B4CB}.Release|Any CPU.ActiveCfg = Release|Any CPU
		{871CB07B-55E9-41D1-BD3A-3F381DC6B4CB}.Release|Any CPU.Build.0 = Release|Any CPU
	EndGlobalSection
	GlobalSection(SolutionProperties) = preSolution
		HideSolutionNode = FALSE
	EndGlobalSection
	GlobalSection(ExtensibilityGlobals) = postSolution
		SolutionGuid = {91311AD7-97B2-459F-80C8-896EA5095330}
	EndGlobalSection
EndGlobal
