
Microsoft Visual Studio Solution File, Format Version 12.00
# Visual Studio 15
VisualStudioVersion = 15.0.28307.1145
MinimumVisualStudioVersion = 10.0.40219.1
Project("{9A19103F-16F7-4668-BE54-9A1E7A4F7556}") = "SEDC.Adv.02.Static", "SEDC.Adv.02\SEDC.Adv.02.Static.csproj", "{C30E3D40-94F3-4999-819B-D632ED0A23B4}"
EndProject
Project("{FAE04EC0-301F-11D3-BF4B-00C04F79EFBC}") = "SEDC.Adv.02.Exercise", "SEDC.Adv.02.Exercise\SEDC.Adv.02.Exercise.csproj", "{19A3558E-7990-4EBE-A9AB-3F4B9C01669E}"
EndProject
Global
	GlobalSection(SolutionConfigurationPlatforms) = preSolution
		Debug|Any CPU = Debug|Any CPU
		Release|Any CPU = Release|Any CPU
	EndGlobalSection
	GlobalSection(ProjectConfigurationPlatforms) = postSolution
		{C30E3D40-94F3-4999-819B-D632ED0A23B4}.Debug|Any CPU.ActiveCfg = Debug|Any CPU
		{C30E3D40-94F3-4999-819B-D632ED0A23B4}.Debug|Any CPU.Build.0 = Debug|Any CPU
		{C30E3D40-94F3-4999-819B-D632ED0A23B4}.Release|Any CPU.ActiveCfg = Release|Any CPU
		{C30E3D40-94F3-4999-819B-D632ED0A23B4}.Release|Any CPU.Build.0 = Release|Any CPU
		{19A3558E-7990-4EBE-A9AB-3F4B9C01669E}.Debug|Any CPU.ActiveCfg = Debug|Any CPU
		{19A3558E-7990-4EBE-A9AB-3F4B9C01669E}.Debug|Any CPU.Build.0 = Debug|Any CPU
		{19A3558E-7990-4EBE-A9AB-3F4B9C01669E}.Release|Any CPU.ActiveCfg = Release|Any CPU
		{19A3558E-7990-4EBE-A9AB-3F4B9C01669E}.Release|Any CPU.Build.0 = Release|Any CPU
	EndGlobalSection
	GlobalSection(SolutionProperties) = preSolution
		HideSolutionNode = FALSE
	EndGlobalSection
	GlobalSection(ExtensibilityGlobals) = postSolution
		SolutionGuid = {906AB73C-7117-4368-8606-37A168091989}
	EndGlobalSection
EndGlobal
