
Microsoft Visual Studio Solution File, Format Version 12.00
# Visual Studio Version 16
VisualStudioVersion = 16.0.29926.136
MinimumVisualStudioVersion = 10.0.40219.1
Project("{FAE04EC0-301F-11D3-BF4B-00C04F79EFBC}") = "Delegates", "Delegates\Delegates.csproj", "{5D05E53E-C036-4384-BC6C-7E3827303FA9}"
EndProject
Global
	GlobalSection(SolutionConfigurationPlatforms) = preSolution
		Debug|Any CPU = Debug|Any CPU
		Release|Any CPU = Release|Any CPU
	EndGlobalSection
	GlobalSection(ProjectConfigurationPlatforms) = postSolution
		{5D05E53E-C036-4384-BC6C-7E3827303FA9}.Debug|Any CPU.ActiveCfg = Debug|Any CPU
		{5D05E53E-C036-4384-BC6C-7E3827303FA9}.Debug|Any CPU.Build.0 = Debug|Any CPU
		{5D05E53E-C036-4384-BC6C-7E3827303FA9}.Release|Any CPU.ActiveCfg = Release|Any CPU
		{5D05E53E-C036-4384-BC6C-7E3827303FA9}.Release|Any CPU.Build.0 = Release|Any CPU
	EndGlobalSection
	GlobalSection(SolutionProperties) = preSolution
		HideSolutionNode = FALSE
	EndGlobalSection
	GlobalSection(ExtensibilityGlobals) = postSolution
		SolutionGuid = {5279E5CE-E1FE-4A12-8F28-96BDB2B57E87}
	EndGlobalSection
EndGlobal
