
Microsoft Visual Studio Solution File, Format Version 12.00
# Visual Studio Version 16
VisualStudioVersion = 16.0.29806.167
MinimumVisualStudioVersion = 10.0.40219.1
Project("{9A19103F-16F7-4668-BE54-9A1E7A4F7556}") = "Adv.Class03.Generics", "Adv.Class03.Generics\Adv.Class03.Generics.csproj", "{DA698DF8-216F-4150-A584-935120ADA06C}"
EndProject
Project("{9A19103F-16F7-4668-BE54-9A1E7A4F7556}") = "Adv.Class03.ExtensionMethods", "Adv.Class03.ExtensionMethods\Adv.Class03.ExtensionMethods.csproj", "{41E62D47-F398-4CD7-9A37-38E08BED4EE3}"
EndProject
Project("{9A19103F-16F7-4668-BE54-9A1E7A4F7556}") = "Adv.Class03.Exercise", "Adv.Class03.Exercise\Adv.Class03.Exercise.csproj", "{639F6DC8-9B3A-4586-8E07-B8ADEB3FBA3F}"
EndProject
Project("{FAE04EC0-301F-11D3-BF4B-00C04F79EFBC}") = "Generics", "Generics\Generics.csproj", "{C1236013-4A43-4F81-9281-0649E304D7C7}"
EndProject
Project("{FAE04EC0-301F-11D3-BF4B-00C04F79EFBC}") = "StringBuilderDemo", "StringBuilderDemo\StringBuilderDemo.csproj", "{B223B92E-2C9D-4676-B425-1040DC350E45}"
EndProject
Project("{FAE04EC0-301F-11D3-BF4B-00C04F79EFBC}") = "ExtensionMethodsDemo", "ExtensionMethodsDemo\ExtensionMethodsDemo.csproj", "{398A575E-D83C-47D2-9387-1AA3E77147BA}"
EndProject
Global
	GlobalSection(SolutionConfigurationPlatforms) = preSolution
		Debug|Any CPU = Debug|Any CPU
		Release|Any CPU = Release|Any CPU
	EndGlobalSection
	GlobalSection(ProjectConfigurationPlatforms) = postSolution
		{DA698DF8-216F-4150-A584-935120ADA06C}.Debug|Any CPU.ActiveCfg = Debug|Any CPU
		{DA698DF8-216F-4150-A584-935120ADA06C}.Debug|Any CPU.Build.0 = Debug|Any CPU
		{DA698DF8-216F-4150-A584-935120ADA06C}.Release|Any CPU.ActiveCfg = Release|Any CPU
		{DA698DF8-216F-4150-A584-935120ADA06C}.Release|Any CPU.Build.0 = Release|Any CPU
		{41E62D47-F398-4CD7-9A37-38E08BED4EE3}.Debug|Any CPU.ActiveCfg = Debug|Any CPU
		{41E62D47-F398-4CD7-9A37-38E08BED4EE3}.Debug|Any CPU.Build.0 = Debug|Any CPU
		{41E62D47-F398-4CD7-9A37-38E08BED4EE3}.Release|Any CPU.ActiveCfg = Release|Any CPU
		{41E62D47-F398-4CD7-9A37-38E08BED4EE3}.Release|Any CPU.Build.0 = Release|Any CPU
		{639F6DC8-9B3A-4586-8E07-B8ADEB3FBA3F}.Debug|Any CPU.ActiveCfg = Debug|Any CPU
		{639F6DC8-9B3A-4586-8E07-B8ADEB3FBA3F}.Debug|Any CPU.Build.0 = Debug|Any CPU
		{639F6DC8-9B3A-4586-8E07-B8ADEB3FBA3F}.Release|Any CPU.ActiveCfg = Release|Any CPU
		{639F6DC8-9B3A-4586-8E07-B8ADEB3FBA3F}.Release|Any CPU.Build.0 = Release|Any CPU
		{C1236013-4A43-4F81-9281-0649E304D7C7}.Debug|Any CPU.ActiveCfg = Debug|Any CPU
		{C1236013-4A43-4F81-9281-0649E304D7C7}.Debug|Any CPU.Build.0 = Debug|Any CPU
		{C1236013-4A43-4F81-9281-0649E304D7C7}.Release|Any CPU.ActiveCfg = Release|Any CPU
		{C1236013-4A43-4F81-9281-0649E304D7C7}.Release|Any CPU.Build.0 = Release|Any CPU
		{B223B92E-2C9D-4676-B425-1040DC350E45}.Debug|Any CPU.ActiveCfg = Debug|Any CPU
		{B223B92E-2C9D-4676-B425-1040DC350E45}.Debug|Any CPU.Build.0 = Debug|Any CPU
		{B223B92E-2C9D-4676-B425-1040DC350E45}.Release|Any CPU.ActiveCfg = Release|Any CPU
		{B223B92E-2C9D-4676-B425-1040DC350E45}.Release|Any CPU.Build.0 = Release|Any CPU
		{398A575E-D83C-47D2-9387-1AA3E77147BA}.Debug|Any CPU.ActiveCfg = Debug|Any CPU
		{398A575E-D83C-47D2-9387-1AA3E77147BA}.Debug|Any CPU.Build.0 = Debug|Any CPU
		{398A575E-D83C-47D2-9387-1AA3E77147BA}.Release|Any CPU.ActiveCfg = Release|Any CPU
		{398A575E-D83C-47D2-9387-1AA3E77147BA}.Release|Any CPU.Build.0 = Release|Any CPU
	EndGlobalSection
	GlobalSection(SolutionProperties) = preSolution
		HideSolutionNode = FALSE
	EndGlobalSection
	GlobalSection(ExtensibilityGlobals) = postSolution
		SolutionGuid = {0C654C54-3FBD-47EE-BB6D-6DB4D8AF9249}
	EndGlobalSection
EndGlobal
