
Microsoft Visual Studio Solution File, Format Version 12.00
# Visual Studio Version 16
VisualStudioVersion = 16.0.30011.22
MinimumVisualStudioVersion = 10.0.40219.1
Project("{FAE04EC0-301F-11D3-BF4B-00C04F79EFBC}") = "SEDC.TryBeingFit.App", "SEDC.TryBeingFit\SEDC.TryBeingFit.App.csproj", "{533943D1-62AF-49C3-8696-B3621BB88EFB}"
EndProject
Project("{FAE04EC0-301F-11D3-BF4B-00C04F79EFBC}") = "SEDC.TryBeingFit.Domain", "SEDC.TryBeingFit.Domain\SEDC.TryBeingFit.Domain.csproj", "{E9D632AA-649D-49EF-B7B9-03618B83A66C}"
EndProject
Project("{FAE04EC0-301F-11D3-BF4B-00C04F79EFBC}") = "SEDC.TryBeingFit.Services", "SEDC.TryBeingFit.Services\SEDC.TryBeingFit.Services.csproj", "{99285DCC-B5D6-4482-B879-12AA7A56A734}"
EndProject
Global
	GlobalSection(SolutionConfigurationPlatforms) = preSolution
		Debug|Any CPU = Debug|Any CPU
		Release|Any CPU = Release|Any CPU
	EndGlobalSection
	GlobalSection(ProjectConfigurationPlatforms) = postSolution
		{533943D1-62AF-49C3-8696-B3621BB88EFB}.Debug|Any CPU.ActiveCfg = Debug|Any CPU
		{533943D1-62AF-49C3-8696-B3621BB88EFB}.Debug|Any CPU.Build.0 = Debug|Any CPU
		{533943D1-62AF-49C3-8696-B3621BB88EFB}.Release|Any CPU.ActiveCfg = Release|Any CPU
		{533943D1-62AF-49C3-8696-B3621BB88EFB}.Release|Any CPU.Build.0 = Release|Any CPU
		{E9D632AA-649D-49EF-B7B9-03618B83A66C}.Debug|Any CPU.ActiveCfg = Debug|Any CPU
		{E9D632AA-649D-49EF-B7B9-03618B83A66C}.Debug|Any CPU.Build.0 = Debug|Any CPU
		{E9D632AA-649D-49EF-B7B9-03618B83A66C}.Release|Any CPU.ActiveCfg = Release|Any CPU
		{E9D632AA-649D-49EF-B7B9-03618B83A66C}.Release|Any CPU.Build.0 = Release|Any CPU
		{99285DCC-B5D6-4482-B879-12AA7A56A734}.Debug|Any CPU.ActiveCfg = Debug|Any CPU
		{99285DCC-B5D6-4482-B879-12AA7A56A734}.Debug|Any CPU.Build.0 = Debug|Any CPU
		{99285DCC-B5D6-4482-B879-12AA7A56A734}.Release|Any CPU.ActiveCfg = Release|Any CPU
		{99285DCC-B5D6-4482-B879-12AA7A56A734}.Release|Any CPU.Build.0 = Release|Any CPU
	EndGlobalSection
	GlobalSection(SolutionProperties) = preSolution
		HideSolutionNode = FALSE
	EndGlobalSection
	GlobalSection(ExtensibilityGlobals) = postSolution
		SolutionGuid = {4AF3E088-3C9E-4353-A725-90F678A5B020}
	EndGlobalSection
EndGlobal
