
Microsoft Visual Studio Solution File, Format Version 12.00
# Visual Studio Version 16
VisualStudioVersion = 16.0.29609.76
MinimumVisualStudioVersion = 10.0.40219.1
Project("{FAE04EC0-301F-11D3-BF4B-00C04F79EFBC}") = "Class07.LINQ", "Class07.LINQ\Class07.LINQ.csproj", "{55DCF205-5667-4F6A-ABAD-0EE56B250B36}"
EndProject
Project("{FAE04EC0-301F-11D3-BF4B-00C04F79EFBC}") = "Class07.Domain", "Class07.Domain\Class07.Domain.csproj", "{A6311176-A60E-492D-95FF-B2CBA5F0DE7B}"
EndProject
Project("{FAE04EC0-301F-11D3-BF4B-00C04F79EFBC}") = "Class07.Anonymous", "Class07.Anonymous\Class07.Anonymous.csproj", "{EFAE79AD-FE9D-484B-9E35-2EE6D2874C0E}"
EndProject
Global
	GlobalSection(SolutionConfigurationPlatforms) = preSolution
		Debug|Any CPU = Debug|Any CPU
		Release|Any CPU = Release|Any CPU
	EndGlobalSection
	GlobalSection(ProjectConfigurationPlatforms) = postSolution
		{55DCF205-5667-4F6A-ABAD-0EE56B250B36}.Debug|Any CPU.ActiveCfg = Debug|Any CPU
		{55DCF205-5667-4F6A-ABAD-0EE56B250B36}.Debug|Any CPU.Build.0 = Debug|Any CPU
		{55DCF205-5667-4F6A-ABAD-0EE56B250B36}.Release|Any CPU.ActiveCfg = Release|Any CPU
		{55DCF205-5667-4F6A-ABAD-0EE56B250B36}.Release|Any CPU.Build.0 = Release|Any CPU
		{A6311176-A60E-492D-95FF-B2CBA5F0DE7B}.Debug|Any CPU.ActiveCfg = Debug|Any CPU
		{A6311176-A60E-492D-95FF-B2CBA5F0DE7B}.Debug|Any CPU.Build.0 = Debug|Any CPU
		{A6311176-A60E-492D-95FF-B2CBA5F0DE7B}.Release|Any CPU.ActiveCfg = Release|Any CPU
		{A6311176-A60E-492D-95FF-B2CBA5F0DE7B}.Release|Any CPU.Build.0 = Release|Any CPU
		{EFAE79AD-FE9D-484B-9E35-2EE6D2874C0E}.Debug|Any CPU.ActiveCfg = Debug|Any CPU
		{EFAE79AD-FE9D-484B-9E35-2EE6D2874C0E}.Debug|Any CPU.Build.0 = Debug|Any CPU
		{EFAE79AD-FE9D-484B-9E35-2EE6D2874C0E}.Release|Any CPU.ActiveCfg = Release|Any CPU
		{EFAE79AD-FE9D-484B-9E35-2EE6D2874C0E}.Release|Any CPU.Build.0 = Release|Any CPU
	EndGlobalSection
	GlobalSection(SolutionProperties) = preSolution
		HideSolutionNode = FALSE
	EndGlobalSection
	GlobalSection(ExtensibilityGlobals) = postSolution
		SolutionGuid = {2C3BDA29-7B29-4AB8-9122-519871079BDA}
	EndGlobalSection
EndGlobal
