
Microsoft Visual Studio Solution File, Format Version 12.00
# Visual Studio Version 16
VisualStudioVersion = 16.0.29926.136
MinimumVisualStudioVersion = 10.0.40219.1
Project("{FAE04EC0-301F-11D3-BF4B-00C04F79EFBC}") = "DisposingApp", "DisposingApp\DisposingApp.csproj", "{1CE21799-0EA3-4F22-A7A3-BB6BAE33669B}"
EndProject
Global
	GlobalSection(SolutionConfigurationPlatforms) = preSolution
		Debug|Any CPU = Debug|Any CPU
		Release|Any CPU = Release|Any CPU
	EndGlobalSection
	GlobalSection(ProjectConfigurationPlatforms) = postSolution
		{1CE21799-0EA3-4F22-A7A3-BB6BAE33669B}.Debug|Any CPU.ActiveCfg = Debug|Any CPU
		{1CE21799-0EA3-4F22-A7A3-BB6BAE33669B}.Debug|Any CPU.Build.0 = Debug|Any CPU
		{1CE21799-0EA3-4F22-A7A3-BB6BAE33669B}.Release|Any CPU.ActiveCfg = Release|Any CPU
		{1CE21799-0EA3-4F22-A7A3-BB6BAE33669B}.Release|Any CPU.Build.0 = Release|Any CPU
	EndGlobalSection
	GlobalSection(SolutionProperties) = preSolution
		HideSolutionNode = FALSE
	EndGlobalSection
	GlobalSection(ExtensibilityGlobals) = postSolution
		SolutionGuid = {CEE54451-7520-4889-8FD2-1138FB4CBBD8}
	EndGlobalSection
EndGlobal
