
Microsoft Visual Studio Solution File, Format Version 12.00
# Visual Studio Version 16
VisualStudioVersion = 16.0.29926.136
MinimumVisualStudioVersion = 10.0.40219.1
Project("{FAE04EC0-301F-11D3-BF4B-00C04F79EFBC}") = "InterfacesApp", "InterfacesApp\InterfacesApp.csproj", "{90B0FCFF-59EC-4453-A7C9-ADD91565E8B5}"
EndProject
Global
	GlobalSection(SolutionConfigurationPlatforms) = preSolution
		Debug|Any CPU = Debug|Any CPU
		Release|Any CPU = Release|Any CPU
	EndGlobalSection
	GlobalSection(ProjectConfigurationPlatforms) = postSolution
		{90B0FCFF-59EC-4453-A7C9-ADD91565E8B5}.Debug|Any CPU.ActiveCfg = Debug|Any CPU
		{90B0FCFF-59EC-4453-A7C9-ADD91565E8B5}.Debug|Any CPU.Build.0 = Debug|Any CPU
		{90B0FCFF-59EC-4453-A7C9-ADD91565E8B5}.Release|Any CPU.ActiveCfg = Release|Any CPU
		{90B0FCFF-59EC-4453-A7C9-ADD91565E8B5}.Release|Any CPU.Build.0 = Release|Any CPU
	EndGlobalSection
	GlobalSection(SolutionProperties) = preSolution
		HideSolutionNode = FALSE
	EndGlobalSection
	GlobalSection(ExtensibilityGlobals) = postSolution
		SolutionGuid = {005ECAAB-77BC-4726-AE69-F11E5FAB2CF4}
	EndGlobalSection
EndGlobal
