
Microsoft Visual Studio Solution File, Format Version 12.00
# Visual Studio Version 16
VisualStudioVersion = 16.0.30204.135
MinimumVisualStudioVersion = 10.0.40219.1
Project("{9A19103F-16F7-4668-BE54-9A1E7A4F7556}") = "SEDC.Adv11.Threads", "SEDC.Adv11.Threads\SEDC.Adv11.Threads.csproj", "{81E8DEFD-DC58-4655-ACE1-9FD529151D0F}"
EndProject
Project("{FAE04EC0-301F-11D3-BF4B-00C04F79EFBC}") = "SEDC.Adv11.Tasks", "SEDC.Adv11.Tasks\SEDC.Adv11.Tasks.csproj", "{A98E4D09-F296-4676-A5A0-F9C7C7140D0A}"
EndProject
Project("{FAE04EC0-301F-11D3-BF4B-00C04F79EFBC}") = "SEDC.Adv11.AsyncAwait", "SEDC.Adv11.AsyncAwait\SEDC.Adv11.AsyncAwait.csproj", "{76D90CB6-2F06-4CC1-BB29-2785AB3D173B}"
EndProject
Global
	GlobalSection(SolutionConfigurationPlatforms) = preSolution
		Debug|Any CPU = Debug|Any CPU
		Release|Any CPU = Release|Any CPU
	EndGlobalSection
	GlobalSection(ProjectConfigurationPlatforms) = postSolution
		{81E8DEFD-DC58-4655-ACE1-9FD529151D0F}.Debug|Any CPU.ActiveCfg = Debug|Any CPU
		{81E8DEFD-DC58-4655-ACE1-9FD529151D0F}.Debug|Any CPU.Build.0 = Debug|Any CPU
		{81E8DEFD-DC58-4655-ACE1-9FD529151D0F}.Release|Any CPU.ActiveCfg = Release|Any CPU
		{81E8DEFD-DC58-4655-ACE1-9FD529151D0F}.Release|Any CPU.Build.0 = Release|Any CPU
		{A98E4D09-F296-4676-A5A0-F9C7C7140D0A}.Debug|Any CPU.ActiveCfg = Debug|Any CPU
		{A98E4D09-F296-4676-A5A0-F9C7C7140D0A}.Debug|Any CPU.Build.0 = Debug|Any CPU
		{A98E4D09-F296-4676-A5A0-F9C7C7140D0A}.Release|Any CPU.ActiveCfg = Release|Any CPU
		{A98E4D09-F296-4676-A5A0-F9C7C7140D0A}.Release|Any CPU.Build.0 = Release|Any CPU
		{76D90CB6-2F06-4CC1-BB29-2785AB3D173B}.Debug|Any CPU.ActiveCfg = Debug|Any CPU
		{76D90CB6-2F06-4CC1-BB29-2785AB3D173B}.Debug|Any CPU.Build.0 = Debug|Any CPU
		{76D90CB6-2F06-4CC1-BB29-2785AB3D173B}.Release|Any CPU.ActiveCfg = Release|Any CPU
		{76D90CB6-2F06-4CC1-BB29-2785AB3D173B}.Release|Any CPU.Build.0 = Release|Any CPU
	EndGlobalSection
	GlobalSection(SolutionProperties) = preSolution
		HideSolutionNode = FALSE
	EndGlobalSection
	GlobalSection(ExtensibilityGlobals) = postSolution
		SolutionGuid = {0F8BF4B8-9E37-46C1-9002-EF0B336B825D}
	EndGlobalSection
EndGlobal
