
Microsoft Visual Studio Solution File, Format Version 12.00
# Visual Studio Version 16
VisualStudioVersion = 16.0.29609.76
MinimumVisualStudioVersion = 10.0.40219.1
Project("{FAE04EC0-301F-11D3-BF4B-00C04F79EFBC}") = "Class04.Exercise", "Class04.Exercise\Class04.Exercise.csproj", "{E300A6FD-5179-4080-8411-6670153D4216}"
EndProject
Global
	GlobalSection(SolutionConfigurationPlatforms) = preSolution
		Debug|Any CPU = Debug|Any CPU
		Release|Any CPU = Release|Any CPU
	EndGlobalSection
	GlobalSection(ProjectConfigurationPlatforms) = postSolution
		{E300A6FD-5179-4080-8411-6670153D4216}.Debug|Any CPU.ActiveCfg = Debug|Any CPU
		{E300A6FD-5179-4080-8411-6670153D4216}.Debug|Any CPU.Build.0 = Debug|Any CPU
		{E300A6FD-5179-4080-8411-6670153D4216}.Release|Any CPU.ActiveCfg = Release|Any CPU
		{E300A6FD-5179-4080-8411-6670153D4216}.Release|Any CPU.Build.0 = Release|Any CPU
	EndGlobalSection
	GlobalSection(SolutionProperties) = preSolution
		HideSolutionNode = FALSE
	EndGlobalSection
	GlobalSection(ExtensibilityGlobals) = postSolution
		SolutionGuid = {D275CC15-2B2D-494A-B3AD-2748725565EB}
	EndGlobalSection
EndGlobal
