
Microsoft Visual Studio Solution File, Format Version 12.00
# Visual Studio Version 16
VisualStudioVersion = 16.0.29609.76
MinimumVisualStudioVersion = 10.0.40219.1
Project("{FAE04EC0-301F-11D3-BF4B-00C04F79EFBC}") = "Class07.LinqExercise", "Class07.LinqExercise\Class07.LinqExercise.csproj", "{68EF5FA8-655B-483A-AAD0-917AF8A7F411}"
EndProject
Global
	GlobalSection(SolutionConfigurationPlatforms) = preSolution
		Debug|Any CPU = Debug|Any CPU
		Release|Any CPU = Release|Any CPU
	EndGlobalSection
	GlobalSection(ProjectConfigurationPlatforms) = postSolution
		{68EF5FA8-655B-483A-AAD0-917AF8A7F411}.Debug|Any CPU.ActiveCfg = Debug|Any CPU
		{68EF5FA8-655B-483A-AAD0-917AF8A7F411}.Debug|Any CPU.Build.0 = Debug|Any CPU
		{68EF5FA8-655B-483A-AAD0-917AF8A7F411}.Release|Any CPU.ActiveCfg = Release|Any CPU
		{68EF5FA8-655B-483A-AAD0-917AF8A7F411}.Release|Any CPU.Build.0 = Release|Any CPU
	EndGlobalSection
	GlobalSection(SolutionProperties) = preSolution
		HideSolutionNode = FALSE
	EndGlobalSection
	GlobalSection(ExtensibilityGlobals) = postSolution
		SolutionGuid = {2FDCDF0C-0CC1-4378-88C9-96D5B1984579}
	EndGlobalSection
EndGlobal
