
Microsoft Visual Studio Solution File, Format Version 12.00
# Visual Studio Version 16
VisualStudioVersion = 16.0.29728.190
MinimumVisualStudioVersion = 10.0.40219.1
Project("{FAE04EC0-301F-11D3-BF4B-00C04F79EFBC}") = "SEDC.Adv.Class01.AbstractInterface", "SEDC.Adv.Class01.AbstractInterface\SEDC.Adv.Class01.AbstractInterface.csproj", "{DB4C68DF-C4BD-403D-97DD-148D676676D3}"
EndProject
Project("{FAE04EC0-301F-11D3-BF4B-00C04F79EFBC}") = "SEDC.Adv.Class03.Excersise", "SEDC.Adv.Class03.Excersise\SEDC.Adv.Class03.Excersise.csproj", "{EBAE5642-01BF-4E5D-B6F9-A14804DB83DA}"
EndProject
Global
	GlobalSection(SolutionConfigurationPlatforms) = preSolution
		Debug|Any CPU = Debug|Any CPU
		Release|Any CPU = Release|Any CPU
	EndGlobalSection
	GlobalSection(ProjectConfigurationPlatforms) = postSolution
		{DB4C68DF-C4BD-403D-97DD-148D676676D3}.Debug|Any CPU.ActiveCfg = Debug|Any CPU
		{DB4C68DF-C4BD-403D-97DD-148D676676D3}.Debug|Any CPU.Build.0 = Debug|Any CPU
		{DB4C68DF-C4BD-403D-97DD-148D676676D3}.Release|Any CPU.ActiveCfg = Release|Any CPU
		{DB4C68DF-C4BD-403D-97DD-148D676676D3}.Release|Any CPU.Build.0 = Release|Any CPU
		{EBAE5642-01BF-4E5D-B6F9-A14804DB83DA}.Debug|Any CPU.ActiveCfg = Debug|Any CPU
		{EBAE5642-01BF-4E5D-B6F9-A14804DB83DA}.Debug|Any CPU.Build.0 = Debug|Any CPU
		{EBAE5642-01BF-4E5D-B6F9-A14804DB83DA}.Release|Any CPU.ActiveCfg = Release|Any CPU
		{EBAE5642-01BF-4E5D-B6F9-A14804DB83DA}.Release|Any CPU.Build.0 = Release|Any CPU
	EndGlobalSection
	GlobalSection(SolutionProperties) = preSolution
		HideSolutionNode = FALSE
	EndGlobalSection
	GlobalSection(ExtensibilityGlobals) = postSolution
		SolutionGuid = {E0EBBE91-14E9-4075-AF4C-5D666C2EB3BD}
	EndGlobalSection
EndGlobal
