
Microsoft Visual Studio Solution File, Format Version 12.00
# Visual Studio Version 16
VisualStudioVersion = 16.0.30204.135
MinimumVisualStudioVersion = 10.0.40219.1
Project("{9A19103F-16F7-4668-BE54-9A1E7A4F7556}") = "SEDC.Adv.05.Anonymous", "SEDC.Adv.05.Anonymous\SEDC.Adv.05.Anonymous.csproj", "{8975FFC2-C77F-4B56-9F4D-407C55B84F56}"
EndProject
Project("{FAE04EC0-301F-11D3-BF4B-00C04F79EFBC}") = "SEDC.Adv.05.Domain", "SEDC.Adv.05.Domain\SEDC.Adv.05.Domain.csproj", "{7B8FC4D4-3675-436A-9543-38EA8FDA36EA}"
EndProject
Project("{FAE04EC0-301F-11D3-BF4B-00C04F79EFBC}") = "SEDC.Adv.05.LINQ", "SEDC.Adv.05.LINQ\SEDC.Adv.05.LINQ.csproj", "{90524D44-CA0F-4EA3-9762-EFA6C3F7B3A6}"
EndProject
Project("{FAE04EC0-301F-11D3-BF4B-00C04F79EFBC}") = "SEDC.Adv05.Exercise", "SEDC.Adv05.Exercise\SEDC.Adv05.Exercise.csproj", "{FADA747A-F48B-4E48-988F-0E418CC75E32}"
EndProject
Global
	GlobalSection(SolutionConfigurationPlatforms) = preSolution
		Debug|Any CPU = Debug|Any CPU
		Release|Any CPU = Release|Any CPU
	EndGlobalSection
	GlobalSection(ProjectConfigurationPlatforms) = postSolution
		{8975FFC2-C77F-4B56-9F4D-407C55B84F56}.Debug|Any CPU.ActiveCfg = Debug|Any CPU
		{8975FFC2-C77F-4B56-9F4D-407C55B84F56}.Debug|Any CPU.Build.0 = Debug|Any CPU
		{8975FFC2-C77F-4B56-9F4D-407C55B84F56}.Release|Any CPU.ActiveCfg = Release|Any CPU
		{8975FFC2-C77F-4B56-9F4D-407C55B84F56}.Release|Any CPU.Build.0 = Release|Any CPU
		{7B8FC4D4-3675-436A-9543-38EA8FDA36EA}.Debug|Any CPU.ActiveCfg = Debug|Any CPU
		{7B8FC4D4-3675-436A-9543-38EA8FDA36EA}.Debug|Any CPU.Build.0 = Debug|Any CPU
		{7B8FC4D4-3675-436A-9543-38EA8FDA36EA}.Release|Any CPU.ActiveCfg = Release|Any CPU
		{7B8FC4D4-3675-436A-9543-38EA8FDA36EA}.Release|Any CPU.Build.0 = Release|Any CPU
		{90524D44-CA0F-4EA3-9762-EFA6C3F7B3A6}.Debug|Any CPU.ActiveCfg = Debug|Any CPU
		{90524D44-CA0F-4EA3-9762-EFA6C3F7B3A6}.Debug|Any CPU.Build.0 = Debug|Any CPU
		{90524D44-CA0F-4EA3-9762-EFA6C3F7B3A6}.Release|Any CPU.ActiveCfg = Release|Any CPU
		{90524D44-CA0F-4EA3-9762-EFA6C3F7B3A6}.Release|Any CPU.Build.0 = Release|Any CPU
		{FADA747A-F48B-4E48-988F-0E418CC75E32}.Debug|Any CPU.ActiveCfg = Debug|Any CPU
		{FADA747A-F48B-4E48-988F-0E418CC75E32}.Debug|Any CPU.Build.0 = Debug|Any CPU
		{FADA747A-F48B-4E48-988F-0E418CC75E32}.Release|Any CPU.ActiveCfg = Release|Any CPU
		{FADA747A-F48B-4E48-988F-0E418CC75E32}.Release|Any CPU.Build.0 = Release|Any CPU
	EndGlobalSection
	GlobalSection(SolutionProperties) = preSolution
		HideSolutionNode = FALSE
	EndGlobalSection
	GlobalSection(ExtensibilityGlobals) = postSolution
		SolutionGuid = {9664E60B-9B27-4C4E-AD6B-4DC361FEF348}
	EndGlobalSection
EndGlobal
