
Microsoft Visual Studio Solution File, Format Version 12.00
# Visual Studio Version 16
VisualStudioVersion = 16.0.29926.136
MinimumVisualStudioVersion = 10.0.40219.1
Project("{FAE04EC0-301F-11D3-BF4B-00C04F79EFBC}") = "FileAndDirectoryApp", "FileAndDirectoryApp\FileAndDirectoryApp.csproj", "{A3CBC728-3F62-4AE6-A7D3-F0533F9CFBD8}"
EndProject
Global
	GlobalSection(SolutionConfigurationPlatforms) = preSolution
		Debug|Any CPU = Debug|Any CPU
		Release|Any CPU = Release|Any CPU
	EndGlobalSection
	GlobalSection(ProjectConfigurationPlatforms) = postSolution
		{A3CBC728-3F62-4AE6-A7D3-F0533F9CFBD8}.Debug|Any CPU.ActiveCfg = Debug|Any CPU
		{A3CBC728-3F62-4AE6-A7D3-F0533F9CFBD8}.Debug|Any CPU.Build.0 = Debug|Any CPU
		{A3CBC728-3F62-4AE6-A7D3-F0533F9CFBD8}.Release|Any CPU.ActiveCfg = Release|Any CPU
		{A3CBC728-3F62-4AE6-A7D3-F0533F9CFBD8}.Release|Any CPU.Build.0 = Release|Any CPU
	EndGlobalSection
	GlobalSection(SolutionProperties) = preSolution
		HideSolutionNode = FALSE
	EndGlobalSection
	GlobalSection(ExtensibilityGlobals) = postSolution
		SolutionGuid = {46888222-C3F9-441E-8CC5-AC606FA452A9}
	EndGlobalSection
EndGlobal
