
Microsoft Visual Studio Solution File, Format Version 12.00
# Visual Studio Version 16
VisualStudioVersion = 16.0.30128.36
MinimumVisualStudioVersion = 10.0.40219.1
Project("{FAE04EC0-301F-11D3-BF4B-00C04F79EFBC}") = "SEDC.IO.FileSystem", "SEDC.IO.FileSystem\SEDC.IO.FileSystem.csproj", "{76A1D51E-FB01-4219-9AA7-44CF74AB167D}"
EndProject
Project("{FAE04EC0-301F-11D3-BF4B-00C04F79EFBC}") = "SEDC.IO.FileStreams", "SEDC.IO.FileStreams\SEDC.IO.FileStreams.csproj", "{BC773ED6-3FC4-49DD-9736-454770F3E45F}"
EndProject
Project("{FAE04EC0-301F-11D3-BF4B-00C04F79EFBC}") = "SEDC.IO.Logger", "SEDC.IO.Logger\SEDC.IO.Logger.csproj", "{9878D77C-E6E6-4ACF-B75C-D5FB581B3AE3}"
EndProject
Global
	GlobalSection(SolutionConfigurationPlatforms) = preSolution
		Debug|Any CPU = Debug|Any CPU
		Release|Any CPU = Release|Any CPU
	EndGlobalSection
	GlobalSection(ProjectConfigurationPlatforms) = postSolution
		{76A1D51E-FB01-4219-9AA7-44CF74AB167D}.Debug|Any CPU.ActiveCfg = Debug|Any CPU
		{76A1D51E-FB01-4219-9AA7-44CF74AB167D}.Debug|Any CPU.Build.0 = Debug|Any CPU
		{76A1D51E-FB01-4219-9AA7-44CF74AB167D}.Release|Any CPU.ActiveCfg = Release|Any CPU
		{76A1D51E-FB01-4219-9AA7-44CF74AB167D}.Release|Any CPU.Build.0 = Release|Any CPU
		{BC773ED6-3FC4-49DD-9736-454770F3E45F}.Debug|Any CPU.ActiveCfg = Debug|Any CPU
		{BC773ED6-3FC4-49DD-9736-454770F3E45F}.Debug|Any CPU.Build.0 = Debug|Any CPU
		{BC773ED6-3FC4-49DD-9736-454770F3E45F}.Release|Any CPU.ActiveCfg = Release|Any CPU
		{BC773ED6-3FC4-49DD-9736-454770F3E45F}.Release|Any CPU.Build.0 = Release|Any CPU
		{9878D77C-E6E6-4ACF-B75C-D5FB581B3AE3}.Debug|Any CPU.ActiveCfg = Debug|Any CPU
		{9878D77C-E6E6-4ACF-B75C-D5FB581B3AE3}.Debug|Any CPU.Build.0 = Debug|Any CPU
		{9878D77C-E6E6-4ACF-B75C-D5FB581B3AE3}.Release|Any CPU.ActiveCfg = Release|Any CPU
		{9878D77C-E6E6-4ACF-B75C-D5FB581B3AE3}.Release|Any CPU.Build.0 = Release|Any CPU
	EndGlobalSection
	GlobalSection(SolutionProperties) = preSolution
		HideSolutionNode = FALSE
	EndGlobalSection
	GlobalSection(ExtensibilityGlobals) = postSolution
		SolutionGuid = {BA3EAEE2-9DA0-4F13-823F-0859911E3C1D}
	EndGlobalSection
EndGlobal
