
Microsoft Visual Studio Solution File, Format Version 12.00
# Visual Studio Version 16
VisualStudioVersion = 16.0.29926.136
MinimumVisualStudioVersion = 10.0.40219.1
Project("{FAE04EC0-301F-11D3-BF4B-00C04F79EFBC}") = "GenericsApp", "GenericsApp\GenericsApp.csproj", "{DBA2BE3D-0D78-47C3-B8E8-1F3E1E8B6191}"
EndProject
Project("{FAE04EC0-301F-11D3-BF4B-00C04F79EFBC}") = "DbExample", "DbExample\DbExample.csproj", "{717F5028-B0C0-4B85-9596-D816B105900A}"
EndProject
Project("{FAE04EC0-301F-11D3-BF4B-00C04F79EFBC}") = "Domain", "Domain\Domain.csproj", "{FBB464F9-5C9C-4487-B47F-A49DAF7B3197}"
EndProject
Global
	GlobalSection(SolutionConfigurationPlatforms) = preSolution
		Debug|Any CPU = Debug|Any CPU
		Release|Any CPU = Release|Any CPU
	EndGlobalSection
	GlobalSection(ProjectConfigurationPlatforms) = postSolution
		{DBA2BE3D-0D78-47C3-B8E8-1F3E1E8B6191}.Debug|Any CPU.ActiveCfg = Debug|Any CPU
		{DBA2BE3D-0D78-47C3-B8E8-1F3E1E8B6191}.Debug|Any CPU.Build.0 = Debug|Any CPU
		{DBA2BE3D-0D78-47C3-B8E8-1F3E1E8B6191}.Release|Any CPU.ActiveCfg = Release|Any CPU
		{DBA2BE3D-0D78-47C3-B8E8-1F3E1E8B6191}.Release|Any CPU.Build.0 = Release|Any CPU
		{717F5028-B0C0-4B85-9596-D816B105900A}.Debug|Any CPU.ActiveCfg = Debug|Any CPU
		{717F5028-B0C0-4B85-9596-D816B105900A}.Debug|Any CPU.Build.0 = Debug|Any CPU
		{717F5028-B0C0-4B85-9596-D816B105900A}.Release|Any CPU.ActiveCfg = Release|Any CPU
		{717F5028-B0C0-4B85-9596-D816B105900A}.Release|Any CPU.Build.0 = Release|Any CPU
		{FBB464F9-5C9C-4487-B47F-A49DAF7B3197}.Debug|Any CPU.ActiveCfg = Debug|Any CPU
		{FBB464F9-5C9C-4487-B47F-A49DAF7B3197}.Debug|Any CPU.Build.0 = Debug|Any CPU
		{FBB464F9-5C9C-4487-B47F-A49DAF7B3197}.Release|Any CPU.ActiveCfg = Release|Any CPU
		{FBB464F9-5C9C-4487-B47F-A49DAF7B3197}.Release|Any CPU.Build.0 = Release|Any CPU
	EndGlobalSection
	GlobalSection(SolutionProperties) = preSolution
		HideSolutionNode = FALSE
	EndGlobalSection
	GlobalSection(ExtensibilityGlobals) = postSolution
		SolutionGuid = {19AA313E-CFCA-48F9-BD15-DADB021A74A4}
	EndGlobalSection
EndGlobal
