
Microsoft Visual Studio Solution File, Format Version 12.00
# Visual Studio Version 16
VisualStudioVersion = 16.0.30011.22
MinimumVisualStudioVersion = 10.0.40219.1
Project("{FAE04EC0-301F-11D3-BF4B-00C04F79EFBC}") = "SEDC.StaticClassesAndPolymorphism", "SEDC.StaticClassesAndPolymorphism\SEDC.StaticClassesAndPolymorphism.csproj", "{1692224B-5B05-41A9-8663-56DB571C9A3B}"
EndProject
Global
	GlobalSection(SolutionConfigurationPlatforms) = preSolution
		Debug|Any CPU = Debug|Any CPU
		Release|Any CPU = Release|Any CPU
	EndGlobalSection
	GlobalSection(ProjectConfigurationPlatforms) = postSolution
		{1692224B-5B05-41A9-8663-56DB571C9A3B}.Debug|Any CPU.ActiveCfg = Debug|Any CPU
		{1692224B-5B05-41A9-8663-56DB571C9A3B}.Debug|Any CPU.Build.0 = Debug|Any CPU
		{1692224B-5B05-41A9-8663-56DB571C9A3B}.Release|Any CPU.ActiveCfg = Release|Any CPU
		{1692224B-5B05-41A9-8663-56DB571C9A3B}.Release|Any CPU.Build.0 = Release|Any CPU
	EndGlobalSection
	GlobalSection(SolutionProperties) = preSolution
		HideSolutionNode = FALSE
	EndGlobalSection
	GlobalSection(ExtensibilityGlobals) = postSolution
		SolutionGuid = {DAA18D3A-5FD4-4C1D-BC56-C556AE8FF461}
	EndGlobalSection
EndGlobal
