
Microsoft Visual Studio Solution File, Format Version 12.00
# Visual Studio Version 16
VisualStudioVersion = 16.0.30204.135
MinimumVisualStudioVersion = 10.0.40219.1
Project("{FAE04EC0-301F-11D3-BF4B-00C04F79EFBC}") = "SEDC.Adv08.FileSystem", "SEDC.Adv08.FileSystem\SEDC.Adv08.FileSystem.csproj", "{CAA23589-F556-4BB7-BFBF-61BA5E99B27D}"
EndProject
Global
	GlobalSection(SolutionConfigurationPlatforms) = preSolution
		Debug|Any CPU = Debug|Any CPU
		Release|Any CPU = Release|Any CPU
	EndGlobalSection
	GlobalSection(ProjectConfigurationPlatforms) = postSolution
		{CAA23589-F556-4BB7-BFBF-61BA5E99B27D}.Debug|Any CPU.ActiveCfg = Debug|Any CPU
		{CAA23589-F556-4BB7-BFBF-61BA5E99B27D}.Debug|Any CPU.Build.0 = Debug|Any CPU
		{CAA23589-F556-4BB7-BFBF-61BA5E99B27D}.Release|Any CPU.ActiveCfg = Release|Any CPU
		{CAA23589-F556-4BB7-BFBF-61BA5E99B27D}.Release|Any CPU.Build.0 = Release|Any CPU
	EndGlobalSection
	GlobalSection(SolutionProperties) = preSolution
		HideSolutionNode = FALSE
	EndGlobalSection
	GlobalSection(ExtensibilityGlobals) = postSolution
		SolutionGuid = {B64ACC97-250C-4336-8F36-78F1D7AC1D9C}
	EndGlobalSection
EndGlobal
