
Microsoft Visual Studio Solution File, Format Version 12.00
# Visual Studio Version 16
VisualStudioVersion = 16.0.29926.136
MinimumVisualStudioVersion = 10.0.40219.1
Project("{FAE04EC0-301F-11D3-BF4B-00C04F79EFBC}") = "Recap", "Recap\Recap.csproj", "{AE2F3661-7393-474C-B182-578F8A338DF8}"
EndProject
Global
	GlobalSection(SolutionConfigurationPlatforms) = preSolution
		Debug|Any CPU = Debug|Any CPU
		Release|Any CPU = Release|Any CPU
	EndGlobalSection
	GlobalSection(ProjectConfigurationPlatforms) = postSolution
		{AE2F3661-7393-474C-B182-578F8A338DF8}.Debug|Any CPU.ActiveCfg = Debug|Any CPU
		{AE2F3661-7393-474C-B182-578F8A338DF8}.Debug|Any CPU.Build.0 = Debug|Any CPU
		{AE2F3661-7393-474C-B182-578F8A338DF8}.Release|Any CPU.ActiveCfg = Release|Any CPU
		{AE2F3661-7393-474C-B182-578F8A338DF8}.Release|Any CPU.Build.0 = Release|Any CPU
	EndGlobalSection
	GlobalSection(SolutionProperties) = preSolution
		HideSolutionNode = FALSE
	EndGlobalSection
	GlobalSection(ExtensibilityGlobals) = postSolution
		SolutionGuid = {F9BADC78-9825-4898-A14A-6FAB0B6F3258}
	EndGlobalSection
EndGlobal
