
Microsoft Visual Studio Solution File, Format Version 12.00
# Visual Studio Version 16
VisualStudioVersion = 16.0.29926.136
MinimumVisualStudioVersion = 10.0.40219.1
Project("{FAE04EC0-301F-11D3-BF4B-00C04F79EFBC}") = "RecapApp", "RecapApp\RecapApp.csproj", "{51DABEDF-9194-4258-BDC9-B01BD35D35DB}"
EndProject
Project("{FAE04EC0-301F-11D3-BF4B-00C04F79EFBC}") = "SerializationDeserializationApp", "SerializationDeserializationApp\SerializationDeserializationApp.csproj", "{7DF44E0D-74F2-4873-9024-69514C6657FC}"
EndProject
Project("{FAE04EC0-301F-11D3-BF4B-00C04F79EFBC}") = "Services", "Services\Services.csproj", "{05E5ACBE-279A-4C77-9E14-E30C5AA99619}"
EndProject
Global
	GlobalSection(SolutionConfigurationPlatforms) = preSolution
		Debug|Any CPU = Debug|Any CPU
		Release|Any CPU = Release|Any CPU
	EndGlobalSection
	GlobalSection(ProjectConfigurationPlatforms) = postSolution
		{51DABEDF-9194-4258-BDC9-B01BD35D35DB}.Debug|Any CPU.ActiveCfg = Debug|Any CPU
		{51DABEDF-9194-4258-BDC9-B01BD35D35DB}.Debug|Any CPU.Build.0 = Debug|Any CPU
		{51DABEDF-9194-4258-BDC9-B01BD35D35DB}.Release|Any CPU.ActiveCfg = Release|Any CPU
		{51DABEDF-9194-4258-BDC9-B01BD35D35DB}.Release|Any CPU.Build.0 = Release|Any CPU
		{7DF44E0D-74F2-4873-9024-69514C6657FC}.Debug|Any CPU.ActiveCfg = Debug|Any CPU
		{7DF44E0D-74F2-4873-9024-69514C6657FC}.Debug|Any CPU.Build.0 = Debug|Any CPU
		{7DF44E0D-74F2-4873-9024-69514C6657FC}.Release|Any CPU.ActiveCfg = Release|Any CPU
		{7DF44E0D-74F2-4873-9024-69514C6657FC}.Release|Any CPU.Build.0 = Release|Any CPU
		{05E5ACBE-279A-4C77-9E14-E30C5AA99619}.Debug|Any CPU.ActiveCfg = Debug|Any CPU
		{05E5ACBE-279A-4C77-9E14-E30C5AA99619}.Debug|Any CPU.Build.0 = Debug|Any CPU
		{05E5ACBE-279A-4C77-9E14-E30C5AA99619}.Release|Any CPU.ActiveCfg = Release|Any CPU
		{05E5ACBE-279A-4C77-9E14-E30C5AA99619}.Release|Any CPU.Build.0 = Release|Any CPU
	EndGlobalSection
	GlobalSection(SolutionProperties) = preSolution
		HideSolutionNode = FALSE
	EndGlobalSection
	GlobalSection(ExtensibilityGlobals) = postSolution
		SolutionGuid = {01755370-86E1-440B-8DA6-FACB419D6121}
	EndGlobalSection
EndGlobal
