
Microsoft Visual Studio Solution File, Format Version 12.00
# Visual Studio Version 16
VisualStudioVersion = 16.0.29728.190
MinimumVisualStudioVersion = 10.0.40219.1
Project("{FAE04EC0-301F-11D3-BF4B-00C04F79EFBC}") = "SEDC.Adv.Class13.SerializeDeserialize", "SEDC.Adv.Class13.SerializeDeserialize\SEDC.Adv.Class13.SerializeDeserialize.csproj", "{1C6D3B2D-A12F-483E-BC64-16864F58474E}"
EndProject
Global
	GlobalSection(SolutionConfigurationPlatforms) = preSolution
		Debug|Any CPU = Debug|Any CPU
		Release|Any CPU = Release|Any CPU
	EndGlobalSection
	GlobalSection(ProjectConfigurationPlatforms) = postSolution
		{1C6D3B2D-A12F-483E-BC64-16864F58474E}.Debug|Any CPU.ActiveCfg = Debug|Any CPU
		{1C6D3B2D-A12F-483E-BC64-16864F58474E}.Debug|Any CPU.Build.0 = Debug|Any CPU
		{1C6D3B2D-A12F-483E-BC64-16864F58474E}.Release|Any CPU.ActiveCfg = Release|Any CPU
		{1C6D3B2D-A12F-483E-BC64-16864F58474E}.Release|Any CPU.Build.0 = Release|Any CPU
	EndGlobalSection
	GlobalSection(SolutionProperties) = preSolution
		HideSolutionNode = FALSE
	EndGlobalSection
	GlobalSection(ExtensibilityGlobals) = postSolution
		SolutionGuid = {DABD8458-2397-4F9D-B089-49E18BED51A5}
	EndGlobalSection
EndGlobal
